
Microsoft Visual Studio Solution File, Format Version 12.00
# Visual Studio 15
VisualStudioVersion = 15.0.27703.2035
MinimumVisualStudioVersion = 10.0.40219.1
Project("{FAE04EC0-301F-11D3-BF4B-00C04F79EFBC}") = "ToDo", "LearningDotNet\ToDo.csproj", "{45E596CD-0396-4B69-9AB2-41D6EFF804B7}"
EndProject
Project("{9A19103F-16F7-4668-BE54-9A1E7A4F7556}") = "Send", "Send\Send.csproj", "{57C0FF7E-64A6-43F6-A221-311D83C03ED1}"
EndProject
Project("{9A19103F-16F7-4668-BE54-9A1E7A4F7556}") = "Receive", "Receive\Receive.csproj", "{FFFB7386-2A7E-4287-990A-D8906414A2E9}"
EndProject
Project("{9A19103F-16F7-4668-BE54-9A1E7A4F7556}") = "Tutorial3_Publish", "Tutorial3_Publish\Tutorial3_Publish.csproj", "{D2DCCB07-A0D9-480D-8FCB-DC3B968DE660}"
EndProject
Project("{9A19103F-16F7-4668-BE54-9A1E7A4F7556}") = "Tutorial3_Subscribe", "Tutorial3_Subscribe\Tutorial3_Subscribe.csproj", "{0E89A5F8-09C4-490A-AB3F-1FCB05EC277E}"
EndProject
Project("{FAE04EC0-301F-11D3-BF4B-00C04F79EFBC}") = "Tutorial4_Publisher", "Tutorial4_Publisher\Tutorial4_Publisher.csproj", "{66BD7A49-5B85-44FF-9A9D-70044E0C0D18}"
EndProject
Project("{FAE04EC0-301F-11D3-BF4B-00C04F79EFBC}") = "Tutorial4_Subscriber", "Tutorial4_Subscriber\Tutorial4_Subscriber.csproj", "{2B36E54E-D117-4F09-99F7-5EB767581447}"
EndProject
Global
	GlobalSection(SolutionConfigurationPlatforms) = preSolution
		Debug|Any CPU = Debug|Any CPU
		Release|Any CPU = Release|Any CPU
	EndGlobalSection
	GlobalSection(ProjectConfigurationPlatforms) = postSolution
		{45E596CD-0396-4B69-9AB2-41D6EFF804B7}.Debug|Any CPU.ActiveCfg = Debug|Any CPU
		{45E596CD-0396-4B69-9AB2-41D6EFF804B7}.Debug|Any CPU.Build.0 = Debug|Any CPU
		{45E596CD-0396-4B69-9AB2-41D6EFF804B7}.Release|Any CPU.ActiveCfg = Release|Any CPU
		{45E596CD-0396-4B69-9AB2-41D6EFF804B7}.Release|Any CPU.Build.0 = Release|Any CPU
		{57C0FF7E-64A6-43F6-A221-311D83C03ED1}.Debug|Any CPU.ActiveCfg = Debug|Any CPU
		{57C0FF7E-64A6-43F6-A221-311D83C03ED1}.Debug|Any CPU.Build.0 = Debug|Any CPU
		{57C0FF7E-64A6-43F6-A221-311D83C03ED1}.Release|Any CPU.ActiveCfg = Release|Any CPU
		{57C0FF7E-64A6-43F6-A221-311D83C03ED1}.Release|Any CPU.Build.0 = Release|Any CPU
		{FFFB7386-2A7E-4287-990A-D8906414A2E9}.Debug|Any CPU.ActiveCfg = Debug|Any CPU
		{FFFB7386-2A7E-4287-990A-D8906414A2E9}.Debug|Any CPU.Build.0 = Debug|Any CPU
		{FFFB7386-2A7E-4287-990A-D8906414A2E9}.Release|Any CPU.ActiveCfg = Release|Any CPU
		{FFFB7386-2A7E-4287-990A-D8906414A2E9}.Release|Any CPU.Build.0 = Release|Any CPU
		{D2DCCB07-A0D9-480D-8FCB-DC3B968DE660}.Debug|Any CPU.ActiveCfg = Debug|Any CPU
		{D2DCCB07-A0D9-480D-8FCB-DC3B968DE660}.Debug|Any CPU.Build.0 = Debug|Any CPU
		{D2DCCB07-A0D9-480D-8FCB-DC3B968DE660}.Release|Any CPU.ActiveCfg = Release|Any CPU
		{D2DCCB07-A0D9-480D-8FCB-DC3B968DE660}.Release|Any CPU.Build.0 = Release|Any CPU
		{0E89A5F8-09C4-490A-AB3F-1FCB05EC277E}.Debug|Any CPU.ActiveCfg = Debug|Any CPU
		{0E89A5F8-09C4-490A-AB3F-1FCB05EC277E}.Debug|Any CPU.Build.0 = Debug|Any CPU
		{0E89A5F8-09C4-490A-AB3F-1FCB05EC277E}.Release|Any CPU.ActiveCfg = Release|Any CPU
		{0E89A5F8-09C4-490A-AB3F-1FCB05EC277E}.Release|Any CPU.Build.0 = Release|Any CPU
		{66BD7A49-5B85-44FF-9A9D-70044E0C0D18}.Debug|Any CPU.ActiveCfg = Debug|Any CPU
		{66BD7A49-5B85-44FF-9A9D-70044E0C0D18}.Debug|Any CPU.Build.0 = Debug|Any CPU
		{66BD7A49-5B85-44FF-9A9D-70044E0C0D18}.Release|Any CPU.ActiveCfg = Release|Any CPU
		{66BD7A49-5B85-44FF-9A9D-70044E0C0D18}.Release|Any CPU.Build.0 = Release|Any CPU
		{2B36E54E-D117-4F09-99F7-5EB767581447}.Debug|Any CPU.ActiveCfg = Debug|Any CPU
		{2B36E54E-D117-4F09-99F7-5EB767581447}.Debug|Any CPU.Build.0 = Debug|Any CPU
		{2B36E54E-D117-4F09-99F7-5EB767581447}.Release|Any CPU.ActiveCfg = Release|Any CPU
		{2B36E54E-D117-4F09-99F7-5EB767581447}.Release|Any CPU.Build.0 = Release|Any CPU
	EndGlobalSection
	GlobalSection(SolutionProperties) = preSolution
		HideSolutionNode = FALSE
	EndGlobalSection
	GlobalSection(ExtensibilityGlobals) = postSolution
		SolutionGuid = {6614B6D3-093E-45B9-882A-72590B47CE88}
	EndGlobalSection
EndGlobal
